Microsoft Visual Studio Solution File, Format Version 10.00
# Visual Studio 2008
Project("{325B8569-0C7C-4A6A-8AF8-89C3B6BC9E74}") = "LittleBookOfRuby", "LittleBookOfRuby.stproj", "{CB972F1D-F3FF-44DD-99DE-593CF5836F24}"
EndProject
Global
	GlobalSection(SolutionConfigurationPlatforms) = preSolution
		Debug|.NET = Debug|.NET
		Release|.NET = Release|.NET
	EndGlobalSection
	GlobalSection(ProjectConfigurationPlatforms) = postSolution
		{CB972F1D-F3FF-44DD-99DE-593CF5836F24}.Debug|.NET.ActiveCfg = Debug|Any CPU
		{CB972F1D-F3FF-44DD-99DE-593CF5836F24}.Release|.NET.ActiveCfg = Release|Any CPU
	EndGlobalSection
	GlobalSection(SolutionProperties) = preSolution
		HideSolutionNode = FALSE
	EndGlobalSection
	GlobalSection(TextTemplating) = postSolution
		TextTemplating = 1
	EndGlobalSection
EndGlobal
